
Microsoft Visual Studio Solution File, Format Version 12.00
# Visual Studio Version 17
VisualStudioVersion = 17.5.33516.290
MinimumVisualStudioVersion = 10.0.40219.1
Project("{FAE04EC0-301F-11D3-BF4B-00C04F79EFBC}") = "App1.Android", "App1\App1.Android\App1.Android.csproj", "{3D722107-5AF8-4D00-81D0-7BF90C2771C1}"
EndProject
Project("{FAE04EC0-301F-11D3-BF4B-00C04F79EFBC}") = "App1.iOS", "App1\App1.iOS\App1.iOS.csproj", "{911E3191-1D54-4A15-833C-D9F4858B908A}"
EndProject
Project("{FAE04EC0-301F-11D3-BF4B-00C04F79EFBC}") = "App1", "App1\App1\App1.csproj", "{93C49B54-2DA2-4516-9C9C-DED3BD23227D}"
EndProject
Global
	GlobalSection(SolutionConfigurationPlatforms) = preSolution
		Debug|Any CPU = Debug|Any CPU
		Debug|iPhone = Debug|iPhone
		Debug|iPhoneSimulator = Debug|iPhoneSimulator
		Release|Any CPU = Release|Any CPU
		Release|iPhone = Release|iPhone
		Release|iPhoneSimulator = Release|iPhoneSimulator
	EndGlobalSection
	GlobalSection(ProjectConfigurationPlatforms) = postSolution
		{3D722107-5AF8-4D00-81D0-7BF90C2771C1}.Debug|Any CPU.ActiveCfg = Debug|Any CPU
		{3D722107-5AF8-4D00-81D0-7BF90C2771C1}.Debug|Any CPU.Build.0 = Debug|Any CPU
		{3D722107-5AF8-4D00-81D0-7BF90C2771C1}.Debug|Any CPU.Deploy.0 = Debug|Any CPU
		{3D722107-5AF8-4D00-81D0-7BF90C2771C1}.Debug|iPhone.ActiveCfg = Debug|Any CPU
		{3D722107-5AF8-4D00-81D0-7BF90C2771C1}.Debug|iPhone.Build.0 = Debug|Any CPU
		{3D722107-5AF8-4D00-81D0-7BF90C2771C1}.Debug|iPhone.Deploy.0 = Debug|Any CPU
		{3D722107-5AF8-4D00-81D0-7BF90C2771C1}.Debug|iPhoneSimulator.ActiveCfg = Debug|Any CPU
		{3D722107-5AF8-4D00-81D0-7BF90C2771C1}.Debug|iPhoneSimulator.Build.0 = Debug|Any CPU
		{3D722107-5AF8-4D00-81D0-7BF90C2771C1}.Debug|iPhoneSimulator.Deploy.0 = Debug|Any CPU
		{3D722107-5AF8-4D00-81D0-7BF90C2771C1}.Release|Any CPU.ActiveCfg = Release|Any CPU
		{3D722107-5AF8-4D00-81D0-7BF90C2771C1}.Release|Any CPU.Build.0 = Release|Any CPU
		{3D722107-5AF8-4D00-81D0-7BF90C2771C1}.Release|Any CPU.Deploy.0 = Release|Any CPU
		{3D722107-5AF8-4D00-81D0-7BF90C2771C1}.Release|iPhone.ActiveCfg = Release|Any CPU
		{3D722107-5AF8-4D00-81D0-7BF90C2771C1}.Release|iPhone.Build.0 = Release|Any CPU
		{3D722107-5AF8-4D00-81D0-7BF90C2771C1}.Release|iPhone.Deploy.0 = Release|Any CPU
		{3D722107-5AF8-4D00-81D0-7BF90C2771C1}.Release|iPhoneSimulator.ActiveCfg = Release|Any CPU
		{3D722107-5AF8-4D00-81D0-7BF90C2771C1}.Release|iPhoneSimulator.Build.0 = Release|Any CPU
		{3D722107-5AF8-4D00-81D0-7BF90C2771C1}.Release|iPhoneSimulator.Deploy.0 = Release|Any CPU
		{911E3191-1D54-4A15-833C-D9F4858B908A}.Debug|Any CPU.ActiveCfg = Debug|iPhone
		{911E3191-1D54-4A15-833C-D9F4858B908A}.Debug|Any CPU.Build.0 = Debug|iPhone
		{911E3191-1D54-4A15-833C-D9F4858B908A}.Debug|Any CPU.Deploy.0 = Debug|iPhone
		{911E3191-1D54-4A15-833C-D9F4858B908A}.Debug|iPhone.ActiveCfg = Debug|iPhone
		{911E3191-1D54-4A15-833C-D9F4858B908A}.Debug|iPhone.Build.0 = Debug|iPhone
		{911E3191-1D54-4A15-833C-D9F4858B908A}.Debug|iPhone.Deploy.0 = Debug|iPhone
		{911E3191-1D54-4A15-833C-D9F4858B908A}.Debug|iPhoneSimulator.ActiveCfg = Debug|iPhoneSimulator
		{911E3191-1D54-4A15-833C-D9F4858B908A}.Debug|iPhoneSimulator.Build.0 = Debug|iPhoneSimulator
		{911E3191-1D54-4A15-833C-D9F4858B908A}.Debug|iPhoneSimulator.Deploy.0 = Debug|iPhoneSimulator
		{911E3191-1D54-4A15-833C-D9F4858B908A}.Release|Any CPU.ActiveCfg = Release|iPhoneSimulator
		{911E3191-1D54-4A15-833C-D9F4858B908A}.Release|Any CPU.Build.0 = Release|iPhoneSimulator
		{911E3191-1D54-4A15-833C-D9F4858B908A}.Release|Any CPU.Deploy.0 = Release|iPhoneSimulator
		{911E3191-1D54-4A15-833C-D9F4858B908A}.Release|iPhone.ActiveCfg = Release|iPhone
		{911E3191-1D54-4A15-833C-D9F4858B908A}.Release|iPhone.Build.0 = Release|iPhone
		{911E3191-1D54-4A15-833C-D9F4858B908A}.Release|iPhone.Deploy.0 = Release|iPhone
		{911E3191-1D54-4A15-833C-D9F4858B908A}.Release|iPhoneSimulator.ActiveCfg = Release|iPhoneSimulator
		{911E3191-1D54-4A15-833C-D9F4858B908A}.Release|iPhoneSimulator.Build.0 = Release|iPhoneSimulator
		{911E3191-1D54-4A15-833C-D9F4858B908A}.Release|iPhoneSimulator.Deploy.0 = Release|iPhoneSimulator
		{93C49B54-2DA2-4516-9C9C-DED3BD23227D}.Debug|Any CPU.ActiveCfg = Debug|Any CPU
		{93C49B54-2DA2-4516-9C9C-DED3BD23227D}.Debug|Any CPU.Build.0 = Debug|Any CPU
		{93C49B54-2DA2-4516-9C9C-DED3BD23227D}.Debug|Any CPU.Deploy.0 = Debug|Any CPU
		{93C49B54-2DA2-4516-9C9C-DED3BD23227D}.Debug|iPhone.ActiveCfg = Debug|Any CPU
		{93C49B54-2DA2-4516-9C9C-DED3BD23227D}.Debug|iPhone.Build.0 = Debug|Any CPU
		{93C49B54-2DA2-4516-9C9C-DED3BD23227D}.Debug|iPhone.Deploy.0 = Debug|Any CPU
		{93C49B54-2DA2-4516-9C9C-DED3BD23227D}.Debug|iPhoneSimulator.ActiveCfg = Debug|Any CPU
		{93C49B54-2DA2-4516-9C9C-DED3BD23227D}.Debug|iPhoneSimulator.Build.0 = Debug|Any CPU
		{93C49B54-2DA2-4516-9C9C-DED3BD23227D}.Debug|iPhoneSimulator.Deploy.0 = Debug|Any CPU
		{93C49B54-2DA2-4516-9C9C-DED3BD23227D}.Release|Any CPU.ActiveCfg = Release|Any CPU
		{93C49B54-2DA2-4516-9C9C-DED3BD23227D}.Release|Any CPU.Build.0 = Release|Any CPU
		{93C49B54-2DA2-4516-9C9C-DED3BD23227D}.Release|Any CPU.Deploy.0 = Release|Any CPU
		{93C49B54-2DA2-4516-9C9C-DED3BD23227D}.Release|iPhone.ActiveCfg = Release|Any CPU
		{93C49B54-2DA2-4516-9C9C-DED3BD23227D}.Release|iPhone.Build.0 = Release|Any CPU
		{93C49B54-2DA2-4516-9C9C-DED3BD23227D}.Release|iPhone.Deploy.0 = Release|Any CPU
		{93C49B54-2DA2-4516-9C9C-DED3BD23227D}.Release|iPhoneSimulator.ActiveCfg = Release|Any CPU
		{93C49B54-2DA2-4516-9C9C-DED3BD23227D}.Release|iPhoneSimulator.Build.0 = Release|Any CPU
		{93C49B54-2DA2-4516-9C9C-DED3BD23227D}.Release|iPhoneSimulator.Deploy.0 = Release|Any CPU
	EndGlobalSection
	GlobalSection(SolutionProperties) = preSolution
		HideSolutionNode = FALSE
	EndGlobalSection
	GlobalSection(ExtensibilityGlobals) = postSolution
		SolutionGuid = {3EE0B25E-0825-4127-AD45-837D48BCBC25}
	EndGlobalSection
EndGlobal
